
Microsoft Visual Studio Solution File, Format Version 12.00
# Visual Studio Version 17
VisualStudioVersion = 17.3.32819.101
MinimumVisualStudioVersion = 10.0.40219.1
Project("{FAE04EC0-301F-11D3-BF4B-00C04F79EFBC}") = "IPValidation", "IPValidation\IPValidation.csproj", "{2B23D781-02FC-40E5-BD88-890B437E72CB}"
EndProject
Global
	GlobalSection(SolutionConfigurationPlatforms) = preSolution
		Debug|Any CPU = Debug|Any CPU
		Release|Any CPU = Release|Any CPU
	EndGlobalSection
	GlobalSection(ProjectConfigurationPlatforms) = postSolution
		{2B23D781-02FC-40E5-BD88-890B437E72CB}.Debug|Any CPU.ActiveCfg = Debug|Any CPU
		{2B23D781-02FC-40E5-BD88-890B437E72CB}.Debug|Any CPU.Build.0 = Debug|Any CPU
		{2B23D781-02FC-40E5-BD88-890B437E72CB}.Release|Any CPU.ActiveCfg = Release|Any CPU
		{2B23D781-02FC-40E5-BD88-890B437E72CB}.Release|Any CPU.Build.0 = Release|Any CPU
	EndGlobalSection
	GlobalSection(SolutionProperties) = preSolution
		HideSolutionNode = FALSE
	EndGlobalSection
	GlobalSection(ExtensibilityGlobals) = postSolution
		SolutionGuid = {E7E1C066-A4A6-4145-AFA0-37860BEDD1F5}
	EndGlobalSection
EndGlobal
